
Microsoft Visual Studio Solution File, Format Version 12.00
# Visual Studio Version 17
VisualStudioVersion = 17.14.36408.4
MinimumVisualStudioVersion = 10.0.40219.1
Project("{FAE04EC0-301F-11D3-BF4B-00C04F79EFBC}") = "AeroGL", "AeroGL\AeroGL.csproj", "{C35CB8C5-7562-47DD-A153-861437145B59}"
	ProjectSection(ProjectDependencies) = postProject
		{24A37716-E639-47E0-A03B-9DB9844CF519} = {24A37716-E639-47E0-A03B-9DB9844CF519}
		{BE7EB055-400D-4513-90FA-3A5E47FDA636} = {BE7EB055-400D-4513-90FA-3A5E47FDA636}
	EndProjectSection
EndProject
Project("{FAE04EC0-301F-11D3-BF4B-00C04F79EFBC}") = "AeroGL.Core", "AeroGL.Core\AeroGL.Core.csproj", "{24A37716-E639-47E0-A03B-9DB9844CF519}"
EndProject
Project("{FAE04EC0-301F-11D3-BF4B-00C04F79EFBC}") = "AeroGL.Data", "AeroGL.Data\AeroGL.Data.csproj", "{BE7EB055-400D-4513-90FA-3A5E47FDA636}"
	ProjectSection(ProjectDependencies) = postProject
		{24A37716-E639-47E0-A03B-9DB9844CF519} = {24A37716-E639-47E0-A03B-9DB9844CF519}
	EndProjectSection
EndProject
Global
	GlobalSection(SolutionConfigurationPlatforms) = preSolution
		Debug|Any CPU = Debug|Any CPU
		Debug|x86 = Debug|x86
		Release|Any CPU = Release|Any CPU
		Release|x86 = Release|x86
	EndGlobalSection
	GlobalSection(ProjectConfigurationPlatforms) = postSolution
		{C35CB8C5-7562-47DD-A153-861437145B59}.Debug|Any CPU.ActiveCfg = Debug|Any CPU
		{C35CB8C5-7562-47DD-A153-861437145B59}.Debug|Any CPU.Build.0 = Debug|Any CPU
		{C35CB8C5-7562-47DD-A153-861437145B59}.Debug|x86.ActiveCfg = Debug|x86
		{C35CB8C5-7562-47DD-A153-861437145B59}.Debug|x86.Build.0 = Debug|x86
		{C35CB8C5-7562-47DD-A153-861437145B59}.Release|Any CPU.ActiveCfg = Release|Any CPU
		{C35CB8C5-7562-47DD-A153-861437145B59}.Release|Any CPU.Build.0 = Release|Any CPU
		{C35CB8C5-7562-47DD-A153-861437145B59}.Release|x86.ActiveCfg = Release|x86
		{C35CB8C5-7562-47DD-A153-861437145B59}.Release|x86.Build.0 = Release|x86
		{24A37716-E639-47E0-A03B-9DB9844CF519}.Debug|Any CPU.ActiveCfg = Debug|Any CPU
		{24A37716-E639-47E0-A03B-9DB9844CF519}.Debug|Any CPU.Build.0 = Debug|Any CPU
		{24A37716-E639-47E0-A03B-9DB9844CF519}.Debug|x86.ActiveCfg = Debug|x86
		{24A37716-E639-47E0-A03B-9DB9844CF519}.Debug|x86.Build.0 = Debug|x86
		{24A37716-E639-47E0-A03B-9DB9844CF519}.Release|Any CPU.ActiveCfg = Release|Any CPU
		{24A37716-E639-47E0-A03B-9DB9844CF519}.Release|Any CPU.Build.0 = Release|Any CPU
		{24A37716-E639-47E0-A03B-9DB9844CF519}.Release|x86.ActiveCfg = Release|x86
		{24A37716-E639-47E0-A03B-9DB9844CF519}.Release|x86.Build.0 = Release|x86
		{BE7EB055-400D-4513-90FA-3A5E47FDA636}.Debug|Any CPU.ActiveCfg = Debug|Any CPU
		{BE7EB055-400D-4513-90FA-3A5E47FDA636}.Debug|Any CPU.Build.0 = Debug|Any CPU
		{BE7EB055-400D-4513-90FA-3A5E47FDA636}.Debug|x86.ActiveCfg = Debug|x86
		{BE7EB055-400D-4513-90FA-3A5E47FDA636}.Debug|x86.Build.0 = Debug|x86
		{BE7EB055-400D-4513-90FA-3A5E47FDA636}.Release|Any CPU.ActiveCfg = Release|Any CPU
		{BE7EB055-400D-4513-90FA-3A5E47FDA636}.Release|Any CPU.Build.0 = Release|Any CPU
		{BE7EB055-400D-4513-90FA-3A5E47FDA636}.Release|x86.ActiveCfg = Release|x86
		{BE7EB055-400D-4513-90FA-3A5E47FDA636}.Release|x86.Build.0 = Release|x86
	EndGlobalSection
	GlobalSection(SolutionProperties) = preSolution
		HideSolutionNode = FALSE
	EndGlobalSection
	GlobalSection(ExtensibilityGlobals) = postSolution
		SolutionGuid = {567555BF-FDA4-4541-AAC3-CE36EB661F23}
	EndGlobalSection
EndGlobal
